
Microsoft Visual Studio Solution File, Format Version 12.00
# Visual Studio 15
VisualStudioVersion = 15.0.27130.2036
MinimumVisualStudioVersion = 10.0.40219.1
Project("{8BC9CEB8-8B4A-11D0-8D11-00A0C91BC942}") = "Console_Tetris", "Console_Tetris\Console_Tetris.vcxproj", "{6BEE006A-4C36-459C-9BF1-947999081F67}"
EndProject
Global
	GlobalSection(SolutionConfigurationPlatforms) = preSolution
		Debug|x64 = Debug|x64
		Debug|x86 = Debug|x86
		Release|x64 = Release|x64
		Release|x86 = Release|x86
	EndGlobalSection
	GlobalSection(ProjectConfigurationPlatforms) = postSolution
		{6BEE006A-4C36-459C-9BF1-947999081F67}.Debug|x64.ActiveCfg = Debug|x64
		{6BEE006A-4C36-459C-9BF1-947999081F67}.Debug|x64.Build.0 = Debug|x64
		{6BEE006A-4C36-459C-9BF1-947999081F67}.Debug|x86.ActiveCfg = Debug|Win32
		{6BEE006A-4C36-459C-9BF1-947999081F67}.Debug|x86.Build.0 = Debug|Win32
		{6BEE006A-4C36-459C-9BF1-947999081F67}.Release|x64.ActiveCfg = Release|x64
		{6BEE006A-4C36-459C-9BF1-947999081F67}.Release|x64.Build.0 = Release|x64
		{6BEE006A-4C36-459C-9BF1-947999081F67}.Release|x86.ActiveCfg = Release|Win32
		{6BEE006A-4C36-459C-9BF1-947999081F67}.Release|x86.Build.0 = Release|Win32
	EndGlobalSection
	GlobalSection(SolutionProperties) = preSolution
		HideSolutionNode = FALSE
	EndGlobalSection
	GlobalSection(ExtensibilityGlobals) = postSolution
		SolutionGuid = {0ED20F61-A2C9-44BB-AAE4-730B85EC78E2}
	EndGlobalSection
EndGlobal
